// !$*UTF8*$!
{
	archiveVersion = 1;
	classes = {
	};
	objectVersion = 56;
	objects = {

/* Begin PBXBuildFile section */
		F6B4CED62E7E04D3007B3A9E /* AddAssignmentViewController.swift in Sources */ = {isa = PBXBuildFile; fileRef = F6B4CED52E7E04D3007B3A9E /* AddAssignmentViewController.swift */; };
		F6B4CEDB2E7E186E007B3A9E /* Main.storyboard in Resources */ = {isa = PBXBuildFile; fileRef = F6B4CED92E7E147F007B3A9E /* Main.storyboard */; };
		F6C5A3042E7DE55E00DA412D /* AppDelegate.swift in Sources */ = {isa = PBXBuildFile; fileRef = F6C5A3032E7DE55E00DA412D /* AppDelegate.swift */; };
		F6C5A3062E7DE55E00DA412D /* SceneDelegate.swift in Sources */ = {isa = PBXBuildFile; fileRef = F6C5A3052E7DE55E00DA412D /* SceneDelegate.swift */; };
		F6C5A3082E7DE55E00DA412D /* ViewController.swift in Sources */ = {isa = PBXBuildFile; fileRef = F6C5A3072E7DE55E00DA412D /* ViewController.swift */; };
		F6C5A30D2E7DE56100DA412D /* Assets.xcassets in Resources */ = {isa = PBXBuildFile; fileRef = F6C5A30C2E7DE56100DA412D /* Assets.xcassets */; };
		F6C5A3102E7DE56100DA412D /* Base in Resources */ = {isa = PBXBuildFile; fileRef = F6C5A30F2E7DE56100DA412D /* Base */; };
		F6C5A31B2E7DE56200DA412D /* AceupTests.swift in Sources */ = {isa = PBXBuildFile; fileRef = F6C5A31A2E7DE56200DA412D /* AceupTests.swift */; };
		F6C5A3252E7DE56200DA412D /* AceupUITests.swift in Sources */ = {isa = PBXBuildFile; fileRef = F6C5A3242E7DE56200DA412D /* AceupUITests.swift */; };
		F6C5A3272E7DE56200DA412D /* AceupUITestsLaunchTests.swift in Sources */ = {isa = PBXBuildFile; fileRef = F6C5A3262E7DE56200DA412D /* AceupUITestsLaunchTests.swift */; };
/* End PBXBuildFile section */

/* Begin PBXContainerItemProxy section */
		F6C5A3172E7DE56200DA412D /* PBXContainerItemProxy */ = {
			isa = PBXContainerItemProxy;
			containerPortal = F6C5A2F82E7DE55E00DA412D /* Project object */;
			proxyType = 1;
			remoteGlobalIDString = F6C5A2FF2E7DE55E00DA412D;
			remoteInfo = Aceup;
		};
		F6C5A3212E7DE56200DA412D /* PBXContainerItemProxy */ = {
			isa = PBXContainerItemProxy;
			containerPortal = F6C5A2F82E7DE55E00DA412D /* Project object */;
			proxyType = 1;
			remoteGlobalIDString = F6C5A2FF2E7DE55E00DA412D;
			remoteInfo = Aceup;
		};
/* End PBXContainerItemProxy section */

/* Begin PBXFileReference section */
		F6B4CED52E7E04D3007B3A9E /* AddAssignmentViewController.swift */ = {isa = PBXFileReference; lastKnownFileType = sourcecode.swift; path = AddAssignmentViewController.swift; sourceTree = "<group>"; };
		F6B4CED82E7E147F007B3A9E /* Base */ = {isa = PBXFileReference; lastKnownFileType = file.storyboard; name = Base; path = Base.lproj/Main.storyboard; sourceTree = "<group>"; };
		F6C5A3002E7DE55E00DA412D /* Aceup.app */ = {isa = PBXFileReference; explicitFileType = wrapper.application; includeInIndex = 0; path = Aceup.app; sourceTree = BUILT_PRODUCTS_DIR; };
		F6C5A3032E7DE55E00DA412D /* AppDelegate.swift */ = {isa = PBXFileReference; lastKnownFileType = sourcecode.swift; path = AppDelegate.swift; sourceTree = "<group>"; };
		F6C5A3052E7DE55E00DA412D /* SceneDelegate.swift */ = {isa = PBXFileReference; lastKnownFileType = sourcecode.swift; path = SceneDelegate.swift; sourceTree = "<group>"; };
		F6C5A3072E7DE55E00DA412D /* ViewController.swift */ = {isa = PBXFileReference; lastKnownFileType = sourcecode.swift; path = ViewController.swift; sourceTree = "<group>"; };
		F6C5A30C2E7DE56100DA412D /* Assets.xcassets */ = {isa = PBXFileReference; lastKnownFileType = folder.assetcatalog; path = Assets.xcassets; sourceTree = "<group>"; };
		F6C5A30F2E7DE56100DA412D /* Base */ = {isa = PBXFileReference; lastKnownFileType = file.storyboard; name = Base; path = Base.lproj/LaunchScreen.storyboard; sourceTree = "<group>"; };
		F6C5A3112E7DE56100DA412D /* Info.plist */ = {isa = PBXFileReference; lastKnownFileType = text.plist.xml; path = Info.plist; sourceTree = "<group>"; };
		F6C5A3162E7DE56200DA412D /* AceupTests.xctest */ = {isa = PBXFileReference; explicitFileType = wrapper.cfbundle; includeInIndex = 0; path = AceupTests.xctest; sourceTree = BUILT_PRODUCTS_DIR; };
		F6C5A31A2E7DE56200DA412D /* AceupTests.swift */ = {isa = PBXFileReference; lastKnownFileType = sourcecode.swift; path = AceupTests.swift; sourceTree = "<group>"; };
		F6C5A3202E7DE56200DA412D /* AceupUITests.xctest */ = {isa = PBXFileReference; explicitFileType = wrapper.cfbundle; includeInIndex = 0; path = AceupUITests.xctest; sourceTree = BUILT_PRODUCTS_DIR; };
		F6C5A3242E7DE56200DA412D /* AceupUITests.swift */ = {isa = PBXFileReference; lastKnownFileType = sourcecode.swift; path = AceupUITests.swift; sourceTree = "<group>"; };
		F6C5A3262E7DE56200DA412D /* AceupUITestsLaunchTests.swift */ = {isa = PBXFileReference; lastKnownFileType = sourcecode.swift; path = AceupUITestsLaunchTests.swift; sourceTree = "<group>"; };
/* End PBXFileReference section */

/* Begin PBXFrameworksBuildPhase section */
		F6C5A2FD2E7DE55E00DA412D /* Frameworks */ = {
			isa = PBXFrameworksBuildPhase;
			buildActionMask = 2147483647;
			files = (
			);
			runOnlyForDeploymentPostprocessing = 0;
		};
		F6C5A3132E7DE56200DA412D /* Frameworks */ = {
			isa = PBXFrameworksBuildPhase;
			buildActionMask = 2147483647;
			files = (
			);
			runOnlyForDeploymentPostprocessing = 0;
		};
		F6C5A31D2E7DE56200DA412D /* Frameworks */ = {
			isa = PBXFrameworksBuildPhase;
			buildActionMask = 2147483647;
			files = (
			);
			runOnlyForDeploymentPostprocessing = 0;
		};
/* End PBXFrameworksBuildPhase section */

/* Begin PBXGroup section */
		F6C5A2F72E7DE55E00DA412D = {
			isa = PBXGroup;
			children = (
				F6C5A3022E7DE55E00DA412D /* Aceup */,
				F6C5A3192E7DE56200DA412D /* AceupTests */,
				F6C5A3232E7DE56200DA412D /* AceupUITests */,
				F6C5A3012E7DE55E00DA412D /* Products */,
			);
			sourceTree = "<group>";
		};
		F6C5A3012E7DE55E00DA412D /* Products */ = {
			isa = PBXGroup;
			children = (
				F6C5A3002E7DE55E00DA412D /* Aceup.app */,
				F6C5A3162E7DE56200DA412D /* AceupTests.xctest */,
				F6C5A3202E7DE56200DA412D /* AceupUITests.xctest */,
			);
			name = Products;
			sourceTree = "<group>";
		};
		F6C5A3022E7DE55E00DA412D /* Aceup */ = {
			isa = PBXGroup;
			children = (
				F6B4CED52E7E04D3007B3A9E /* AddAssignmentViewController.swift */,
				F6C5A3032E7DE55E00DA412D /* AppDelegate.swift */,
				F6C5A3052E7DE55E00DA412D /* SceneDelegate.swift */,
				F6C5A3072E7DE55E00DA412D /* ViewController.swift */,
				F6B4CED92E7E147F007B3A9E /* Main.storyboard */,
				F6C5A30C2E7DE56100DA412D /* Assets.xcassets */,
				F6C5A30E2E7DE56100DA412D /* LaunchScreen.storyboard */,
				F6C5A3112E7DE56100DA412D /* Info.plist */,
			);
			path = Aceup;
			sourceTree = "<group>";
		};
		F6C5A3192E7DE56200DA412D /* AceupTests */ = {
			isa = PBXGroup;
			children = (
				F6C5A31A2E7DE56200DA412D /* AceupTests.swift */,
			);
			path = AceupTests;
			sourceTree = "<group>";
		};
		F6C5A3232E7DE56200DA412D /* AceupUITests */ = {
			isa = PBXGroup;
			children = (
				F6C5A3242E7DE56200DA412D /* AceupUITests.swift */,
				F6C5A3262E7DE56200DA412D /* AceupUITestsLaunchTests.swift */,
			);
			path = AceupUITests;
			sourceTree = "<group>";
		};
/* End PBXGroup section */

/* Begin PBXNativeTarget section */
		F6C5A2FF2E7DE55E00DA412D /* Aceup */ = {
			isa = PBXNativeTarget;
			buildConfigurationList = F6C5A32A2E7DE56200DA412D /* Build configuration list for PBXNativeTarget "Aceup" */;
			buildPhases = (
				F6C5A2FC2E7DE55E00DA412D /* Sources */,
				F6C5A2FD2E7DE55E00DA412D /* Frameworks */,
				F6C5A2FE2E7DE55E00DA412D /* Resources */,
			);
			buildRules = (
			);
			dependencies = (
			);
			name = Aceup;
			productName = Aceup;
			productReference = F6C5A3002E7DE55E00DA412D /* Aceup.app */;
			productType = "com.apple.product-type.application";
		};
		F6C5A3152E7DE56200DA412D /* AceupTests */ = {
			isa = PBXNativeTarget;
			buildConfigurationList = F6C5A32D2E7DE56200DA412D /* Build configuration list for PBXNativeTarget "AceupTests" */;
			buildPhases = (
				F6C5A3122E7DE56200DA412D /* Sources */,
				F6C5A3132E7DE56200DA412D /* Frameworks */,
				F6C5A3142E7DE56200DA412D /* Resources */,
			);
			buildRules = (
			);
			dependencies = (
				F6C5A3182E7DE56200DA412D /* PBXTargetDependency */,
			);
			name = AceupTests;
			productName = AceupTests;
			productReference = F6C5A3162E7DE56200DA412D /* AceupTests.xctest */;
			productType = "com.apple.product-type.bundle.unit-test";
		};
		F6C5A31F2E7DE56200DA412D /* AceupUITests */ = {
			isa = PBXNativeTarget;
			buildConfigurationList = F6C5A3302E7DE56200DA412D /* Build configuration list for PBXNativeTarget "AceupUITests" */;
			buildPhases = (
				F6C5A31C2E7DE56200DA412D /* Sources */,
				F6C5A31D2E7DE56200DA412D /* Frameworks */,
				F6C5A31E2E7DE56200DA412D /* Resources */,
			);
			buildRules = (
			);
			dependencies = (
				F6C5A3222E7DE56200DA412D /* PBXTargetDependency */,
			);
			name = AceupUITests;
			productName = AceupUITests;
			productReference = F6C5A3202E7DE56200DA412D /* AceupUITests.xctest */;
			productType = "com.apple.product-type.bundle.ui-testing";
		};
/* End PBXNativeTarget section */

/* Begin PBXProject section */
		F6C5A2F82E7DE55E00DA412D /* Project object */ = {
			isa = PBXProject;
			attributes = {
				BuildIndependentTargetsInParallel = 1;
				LastSwiftUpdateCheck = 1540;
				LastUpgradeCheck = 1540;
				TargetAttributes = {
					F6C5A2FF2E7DE55E00DA412D = {
						CreatedOnToolsVersion = 15.4;
					};
					F6C5A3152E7DE56200DA412D = {
						CreatedOnToolsVersion = 15.4;
						TestTargetID = F6C5A2FF2E7DE55E00DA412D;
					};
					F6C5A31F2E7DE56200DA412D = {
						CreatedOnToolsVersion = 15.4;
						TestTargetID = F6C5A2FF2E7DE55E00DA412D;
					};
				};
			};
			buildConfigurationList = F6C5A2FB2E7DE55E00DA412D /* Build configuration list for PBXProject "Aceup" */;
			compatibilityVersion = "Xcode 14.0";
			developmentRegion = en;
			hasScannedForEncodings = 0;
			knownRegions = (
				en,
				Base,
			);
			mainGroup = F6C5A2F72E7DE55E00DA412D;
			productRefGroup = F6C5A3012E7DE55E00DA412D /* Products */;
			projectDirPath = "";
			projectRoot = "";
			targets = (
				F6C5A2FF2E7DE55E00DA412D /* Aceup */,
				F6C5A3152E7DE56200DA412D /* AceupTests */,
				F6C5A31F2E7DE56200DA412D /* AceupUITests */,
			);
		};
/* End PBXProject section */

/* Begin PBXResourcesBuildPhase section */
		F6C5A2FE2E7DE55E00DA412D /* Resources */ = {
			isa = PBXResourcesBuildPhase;
			buildActionMask = 2147483647;
			files = (
				F6B4CEDB2E7E186E007B3A9E /* Main.storyboard in Resources */,
				F6C5A30D2E7DE56100DA412D /* Assets.xcassets in Resources */,
				F6C5A3102E7DE56100DA412D /* Base in Resources */,
			);
			runOnlyForDeploymentPostprocessing = 0;
		};
		F6C5A3142E7DE56200DA412D /* Resources */ = {
			isa = PBXResourcesBuildPhase;
			buildActionMask = 2147483647;
			files = (
			);
			runOnlyForDeploymentPostprocessing = 0;
		};
		F6C5A31E2E7DE56200DA412D /* Resources */ = {
			isa = PBXResourcesBuildPhase;
			buildActionMask = 2147483647;
			files = (
			);
			runOnlyForDeploymentPostprocessing = 0;
		};
/* End PBXResourcesBuildPhase section */

/* Begin PBXSourcesBuildPhase section */
		F6C5A2FC2E7DE55E00DA412D /* Sources */ = {
			isa = PBXSourcesBuildPhase;
			buildActionMask = 2147483647;
			files = (
				F6C5A3082E7DE55E00DA412D /* ViewController.swift in Sources */,
				F6C5A3042E7DE55E00DA412D /* AppDelegate.swift in Sources */,
				F6C5A3062E7DE55E00DA412D /* SceneDelegate.swift in Sources */,
				F6B4CED62E7E04D3007B3A9E /* AddAssignmentViewController.swift in Sources */,
			);
			runOnlyForDeploymentPostprocessing = 0;
		};
		F6C5A3122E7DE56200DA412D /* Sources */ = {
			isa = PBXSourcesBuildPhase;
			buildActionMask = 2147483647;
			files = (
				F6C5A31B2E7DE56200DA412D /* AceupTests.swift in Sources */,
			);
			runOnlyForDeploymentPostprocessing = 0;
		};
		F6C5A31C2E7DE56200DA412D /* Sources */ = {
			isa = PBXSourcesBuildPhase;
			buildActionMask = 2147483647;
			files = (
				F6C5A3252E7DE56200DA412D /* AceupUITests.swift in Sources */,
				F6C5A3272E7DE56200DA412D /* AceupUITestsLaunchTests.swift in Sources */,
			);
			runOnlyForDeploymentPostprocessing = 0;
		};
/* End PBXSourcesBuildPhase section */

/* Begin PBXTargetDependency section */
		F6C5A3182E7DE56200DA412D /* PBXTargetDependency */ = {
			isa = PBXTargetDependency;
			target = F6C5A2FF2E7DE55E00DA412D /* Aceup */;
			targetProxy = F6C5A3172E7DE56200DA412D /* PBXContainerItemProxy */;
		};
		F6C5A3222E7DE56200DA412D /* PBXTargetDependency */ = {
			isa = PBXTargetDependency;
			target = F6C5A2FF2E7DE55E00DA412D /* Aceup */;
			targetProxy = F6C5A3212E7DE56200DA412D /* PBXContainerItemProxy */;
		};
/* End PBXTargetDependency section */

/* Begin PBXVariantGroup section */
		F6B4CED92E7E147F007B3A9E /* Main.storyboard */ = {
			isa = PBXVariantGroup;
			children = (
				F6B4CED82E7E147F007B3A9E /* Base */,
			);
			name = Main.storyboard;
			sourceTree = "<group>";
		};
		F6C5A30E2E7DE56100DA412D /* LaunchScreen.storyboard */ = {
			isa = PBXVariantGroup;
			children = (
				F6C5A30F2E7DE56100DA412D /* Base */,
			);
			name = LaunchScreen.storyboard;
			sourceTree = "<group>";
		};
/* End PBXVariantGroup section */

/* Begin XCBuildConfiguration section */
		F6C5A3282E7DE56200DA412D /* Debug */ = {
			isa = XCBuildConfiguration;
			buildSettings = {
				ALWAYS_SEARCH_USER_PATHS = NO;
				ASSETCATALOG_COMPILER_GENERATE_SWIFT_ASSET_SYMBOL_EXTENSIONS = YES;
				CLANG_ANALYZER_NONNULL = YES;
				CLANG_ANALYZER_NUMBER_OBJECT_CONVERSION = YES_AGGRESSIVE;
				CLANG_CXX_LANGUAGE_STANDARD = "gnu++20";
				CLANG_ENABLE_MODULES = YES;
				CLANG_ENABLE_OBJC_ARC = YES;
				CLANG_ENABLE_OBJC_WEAK = YES;
				CLANG_WARN_BLOCK_CAPTURE_AUTORELEASING = YES;
				CLANG_WARN_BOOL_CONVERSION = YES;
				CLANG_WARN_COMMA = YES;
				CLANG_WARN_CONSTANT_CONVERSION = YES;
				CLANG_WARN_DEPRECATED_OBJC_IMPLEMENTATIONS = YES;
				CLANG_WARN_DIRECT_OBJC_ISA_USAGE = YES_ERROR;
				CLANG_WARN_DOCUMENTATION_COMMENTS = YES;
				CLANG_WARN_EMPTY_BODY = YES;
				CLANG_WARN_ENUM_CONVERSION = YES;
				CLANG_WARN_INFINITE_RECURSION = YES;
				CLANG_WARN_INT_CONVERSION = YES;
				CLANG_WARN_NON_LITERAL_NULL_CONVERSION = YES;
				CLANG_WARN_OBJC_IMPLICIT_RETAIN_SELF = YES;
				CLANG_WARN_OBJC_LITERAL_CONVERSION = YES;
				CLANG_WARN_OBJC_ROOT_CLASS = YES_ERROR;
				CLANG_WARN_QUOTED_INCLUDE_IN_FRAMEWORK_HEADER = YES;
				CLANG_WARN_RANGE_LOOP_ANALYSIS = YES;
				CLANG_WARN_STRICT_PROTOTYPES = YES;
				CLANG_WARN_SUSPICIOUS_MOVE = YES;
				CLANG_WARN_UNGUARDED_AVAILABILITY = YES_AGGRESSIVE;
				CLANG_WARN_UNREACHABLE_CODE = YES;
				CLANG_WARN__DUPLICATE_METHOD_MATCH = YES;
				COPY_PHASE_STRIP = NO;
				DEBUG_INFORMATION_FORMAT = dwarf;
				ENABLE_STRICT_OBJC_MSGSEND = YES;
				ENABLE_TESTABILITY = YES;
				ENABLE_USER_SCRIPT_SANDBOXING = YES;
				GCC_C_LANGUAGE_STANDARD = gnu17;
				GCC_DYNAMIC_NO_PIC = NO;
				GCC_NO_COMMON_BLOCKS = YES;
				GCC_OPTIMIZATION_LEVEL = 0;
				GCC_PREPROCESSOR_DEFINITIONS = (
					"DEBUG=1",
					"$(inherited)",
				);
				GCC_WARN_64_TO_32_BIT_CONVERSION = YES;
				GCC_WARN_ABOUT_RETURN_TYPE = YES_ERROR;
				GCC_WARN_UNDECLARED_SELECTOR = YES;
				GCC_WARN_UNINITIALIZED_AUTOS = YES_AGGRESSIVE;
				GCC_WARN_UNUSED_FUNCTION = YES;
				GCC_WARN_UNUSED_VARIABLE = YES;
				IPHONEOS_DEPLOYMENT_TARGET = 17.5;
				LOCALIZATION_PREFERS_STRING_CATALOGS = YES;
				MTL_ENABLE_DEBUG_INFO = INCLUDE_SOURCE;
				MTL_FAST_MATH = YES;
				ONLY_ACTIVE_ARCH = YES;
				SDKROOT = iphoneos;
				SWIFT_ACTIVE_COMPILATION_CONDITIONS = "DEBUG $(inherited)";
				SWIFT_OPTIMIZATION_LEVEL = "-Onone";
			};
			name = Debug;
		};
		F6C5A3292E7DE56200DA412D /* Release */ = {
			isa = XCBuildConfiguration;
			buildSettings = {
				ALWAYS_SEARCH_USER_PATHS = NO;
				ASSETCATALOG_COMPILER_GENERATE_SWIFT_ASSET_SYMBOL_EXTENSIONS = YES;
				CLANG_ANALYZER_NONNULL = YES;
				CLANG_ANALYZER_NUMBER_OBJECT_CONVERSION = YES_AGGRESSIVE;
				CLANG_CXX_LANGUAGE_STANDARD = "gnu++20";
				CLANG_ENABLE_MODULES = YES;
				CLANG_ENABLE_OBJC_ARC = YES;
				CLANG_ENABLE_OBJC_WEAK = YES;
				CLANG_WARN_BLOCK_CAPTURE_AUTORELEASING = YES;
				CLANG_WARN_BOOL_CONVERSION = YES;
				CLANG_WARN_COMMA = YES;
				CLANG_WARN_CONSTANT_CONVERSION = YES;
				CLANG_WARN_DEPRECATED_OBJC_IMPLEMENTATIONS = YES;
				CLANG_WARN_DIRECT_OBJC_ISA_USAGE = YES_ERROR;
				CLANG_WARN_DOCUMENTATION_COMMENTS = YES;
				CLANG_WARN_EMPTY_BODY = YES;
				CLANG_WARN_ENUM_CONVERSION = YES;
				CLANG_WARN_INFINITE_RECURSION = YES;
				CLANG_WARN_INT_CONVERSION = YES;
				CLANG_WARN_NON_LITERAL_NULL_CONVERSION = YES;
				CLANG_WARN_OBJC_IMPLICIT_RETAIN_SELF = YES;
				CLANG_WARN_OBJC_LITERAL_CONVERSION = YES;
				CLANG_WARN_OBJC_ROOT_CLASS = YES_ERROR;
				CLANG_WARN_QUOTED_INCLUDE_IN_FRAMEWORK_HEADER = YES;
				CLANG_WARN_RANGE_LOOP_ANALYSIS = YES;
				CLANG_WARN_STRICT_PROTOTYPES = YES;
				CLANG_WARN_SUSPICIOUS_MOVE = YES;
				CLANG_WARN_UNGUARDED_AVAILABILITY = YES_AGGRESSIVE;
				CLANG_WARN_UNREACHABLE_CODE = YES;
				CLANG_WARN__DUPLICATE_METHOD_MATCH = YES;
				COPY_PHASE_STRIP = NO;
				DEBUG_INFORMATION_FORMAT = "dwarf-with-dsym";
				ENABLE_NS_ASSERTIONS = NO;
				ENABLE_STRICT_OBJC_MSGSEND = YES;
				ENABLE_USER_SCRIPT_SANDBOXING = YES;
				GCC_C_LANGUAGE_STANDARD = gnu17;
				GCC_NO_COMMON_BLOCKS = YES;
				GCC_WARN_64_TO_32_BIT_CONVERSION = YES;
				GCC_WARN_ABOUT_RETURN_TYPE = YES_ERROR;
				GCC_WARN_UNDECLARED_SELECTOR = YES;
				GCC_WARN_UNINITIALIZED_AUTOS = YES_AGGRESSIVE;
				GCC_WARN_UNUSED_FUNCTION = YES;
				GCC_WARN_UNUSED_VARIABLE = YES;
				IPHONEOS_DEPLOYMENT_TARGET = 17.5;
				LOCALIZATION_PREFERS_STRING_CATALOGS = YES;
				MTL_ENABLE_DEBUG_INFO = NO;
				MTL_FAST_MATH = YES;
				SDKROOT = iphoneos;
				SWIFT_COMPILATION_MODE = wholemodule;
				VALIDATE_PRODUCT = YES;
			};
			name = Release;
		};
		F6C5A32B2E7DE56200DA412D /* Debug */ = {
			isa = XCBuildConfiguration;
			buildSettings = {
				ASSETCATALOG_COMPILER_APPICON_NAME = AppIcon;
				ASSETCATALOG_COMPILER_GLOBAL_ACCENT_COLOR_NAME = AccentColor;
				CODE_SIGN_STYLE = Automatic;
				CURRENT_PROJECT_VERSION = 1;
				GENERATE_INFOPLIST_FILE = YES;
				INFOPLIST_FILE = Aceup/Info.plist;
				INFOPLIST_KEY_UIApplicationSupportsIndirectInputEvents = YES;
				INFOPLIST_KEY_UILaunchStoryboardName = LaunchScreen;
				INFOPLIST_KEY_UIMainStoryboardFile = Main;
				INFOPLIST_KEY_UISupportedInterfaceOrientations_iPad = "UIInterfaceOrientationPortrait UIInterfaceOrientationPortraitUpsideDown UIInterfaceOrientationLandscapeLeft UIInterfaceOrientationLandscapeRight";
				INFOPLIST_KEY_UISupportedInterfaceOrientations_iPhone = "UIInterfaceOrientationPortrait UIInterfaceOrientationLandscapeLeft UIInterfaceOrientationLandscapeRight";
				LD_RUNPATH_SEARCH_PATHS = (
					"$(inherited)",
					"@executable_path/Frameworks",
				);
				MARKETING_VERSION = 1.0;
				PRODUCT_BUNDLE_IDENTIFIER = com.app.Aceup;
				PRODUCT_NAME = "$(TARGET_NAME)";
				SWIFT_EMIT_LOC_STRINGS = YES;
				SWIFT_VERSION = 5.0;
				TARGETED_DEVICE_FAMILY = "1,2";
			};
			name = Debug;
		};
		F6C5A32C2E7DE56200DA412D /* Release */ = {
			isa = XCBuildConfiguration;
			buildSettings = {
				ASSETCATALOG_COMPILER_APPICON_NAME = AppIcon;
				ASSETCATALOG_COMPILER_GLOBAL_ACCENT_COLOR_NAME = AccentColor;
				CODE_SIGN_STYLE = Automatic;
				CURRENT_PROJECT_VERSION = 1;
				GENERATE_INFOPLIST_FILE = YES;
				INFOPLIST_FILE = Aceup/Info.plist;
				INFOPLIST_KEY_UIApplicationSupportsIndirectInputEvents = YES;
				INFOPLIST_KEY_UILaunchStoryboardName = LaunchScreen;
				INFOPLIST_KEY_UIMainStoryboardFile = Main;
				INFOPLIST_KEY_UISupportedInterfaceOrientations_iPad = "UIInterfaceOrientationPortrait UIInterfaceOrientationPortraitUpsideDown UIInterfaceOrientationLandscapeLeft UIInterfaceOrientationLandscapeRight";
				INFOPLIST_KEY_UISupportedInterfaceOrientations_iPhone = "UIInterfaceOrientationPortrait UIInterfaceOrientationLandscapeLeft UIInterfaceOrientationLandscapeRight";
				LD_RUNPATH_SEARCH_PATHS = (
					"$(inherited)",
					"@executable_path/Frameworks",
				);
				MARKETING_VERSION = 1.0;
				PRODUCT_BUNDLE_IDENTIFIER = com.app.Aceup;
				PRODUCT_NAME = "$(TARGET_NAME)";
				SWIFT_EMIT_LOC_STRINGS = YES;
				SWIFT_VERSION = 5.0;
				TARGETED_DEVICE_FAMILY = "1,2";
			};
			name = Release;
		};
		F6C5A32E2E7DE56200DA412D /* Debug */ = {
			isa = XCBuildConfiguration;
			buildSettings = {
				ALWAYS_EMBED_SWIFT_STANDARD_LIBRARIES = YES;
				BUNDLE_LOADER = "$(TEST_HOST)";
				CODE_SIGN_STYLE = Automatic;
				CURRENT_PROJECT_VERSION = 1;
				GENERATE_INFOPLIST_FILE = YES;
				IPHONEOS_DEPLOYMENT_TARGET = 17.5;
				MARKETING_VERSION = 1.0;
				PRODUCT_BUNDLE_IDENTIFIER = com.app.AceupTests;
				PRODUCT_NAME = "$(TARGET_NAME)";
				SWIFT_EMIT_LOC_STRINGS = NO;
				SWIFT_VERSION = 5.0;
				TARGETED_DEVICE_FAMILY = "1,2";
				TEST_HOST = "$(BUILT_PRODUCTS_DIR)/Aceup.app/$(BUNDLE_EXECUTABLE_FOLDER_PATH)/Aceup";
			};
			name = Debug;
		};
		F6C5A32F2E7DE56200DA412D /* Release */ = {
			isa = XCBuildConfiguration;
			buildSettings = {
				ALWAYS_EMBED_SWIFT_STANDARD_LIBRARIES = YES;
				BUNDLE_LOADER = "$(TEST_HOST)";
				CODE_SIGN_STYLE = Automatic;
				CURRENT_PROJECT_VERSION = 1;
				GENERATE_INFOPLIST_FILE = YES;
				IPHONEOS_DEPLOYMENT_TARGET = 17.5;
				MARKETING_VERSION = 1.0;
				PRODUCT_BUNDLE_IDENTIFIER = com.app.AceupTests;
				PRODUCT_NAME = "$(TARGET_NAME)";
				SWIFT_EMIT_LOC_STRINGS = NO;
				SWIFT_VERSION = 5.0;
				TARGETED_DEVICE_FAMILY = "1,2";
				TEST_HOST = "$(BUILT_PRODUCTS_DIR)/Aceup.app/$(BUNDLE_EXECUTABLE_FOLDER_PATH)/Aceup";
			};
			name = Release;
		};
		F6C5A3312E7DE56200DA412D /* Debug */ = {
			isa = XCBuildConfiguration;
			buildSettings = {
				ALWAYS_EMBED_SWIFT_STANDARD_LIBRARIES = YES;
				CODE_SIGN_STYLE = Automatic;
				CURRENT_PROJECT_VERSION = 1;
				GENERATE_INFOPLIST_FILE = YES;
				MARKETING_VERSION = 1.0;
				PRODUCT_BUNDLE_IDENTIFIER = com.app.AceupUITests;
				PRODUCT_NAME = "$(TARGET_NAME)";
				SWIFT_EMIT_LOC_STRINGS = NO;
				SWIFT_VERSION = 5.0;
				TARGETED_DEVICE_FAMILY = "1,2";
				TEST_TARGET_NAME = Aceup;
			};
			name = Debug;
		};
		F6C5A3322E7DE56200DA412D /* Release */ = {
			isa = XCBuildConfiguration;
			buildSettings = {
				ALWAYS_EMBED_SWIFT_STANDARD_LIBRARIES = YES;
				CODE_SIGN_STYLE = Automatic;
				CURRENT_PROJECT_VERSION = 1;
				GENERATE_INFOPLIST_FILE = YES;
				MARKETING_VERSION = 1.0;
				PRODUCT_BUNDLE_IDENTIFIER = com.app.AceupUITests;
				PRODUCT_NAME = "$(TARGET_NAME)";
				SWIFT_EMIT_LOC_STRINGS = NO;
				SWIFT_VERSION = 5.0;
				TARGETED_DEVICE_FAMILY = "1,2";
				TEST_TARGET_NAME = Aceup;
			};
			name = Release;
		};
/* End XCBuildConfiguration section */

/* Begin XCConfigurationList section */
		F6C5A2FB2E7DE55E00DA412D /* Build configuration list for PBXProject "Aceup" */ = {
			isa = XCConfigurationList;
			buildConfigurations = (
				F6C5A3282E7DE56200DA412D /* Debug */,
				F6C5A3292E7DE56200DA412D /* Release */,
			);
			defaultConfigurationIsVisible = 0;
			defaultConfigurationName = Release;
		};
		F6C5A32A2E7DE56200DA412D /* Build configuration list for PBXNativeTarget "Aceup" */ = {
			isa = XCConfigurationList;
			buildConfigurations = (
				F6C5A32B2E7DE56200DA412D /* Debug */,
				F6C5A32C2E7DE56200DA412D /* Release */,
			);
			defaultConfigurationIsVisible = 0;
			defaultConfigurationName = Release;
		};
		F6C5A32D2E7DE56200DA412D /* Build configuration list for PBXNativeTarget "AceupTests" */ = {
			isa = XCConfigurationList;
			buildConfigurations = (
				F6C5A32E2E7DE56200DA412D /* Debug */,
				F6C5A32F2E7DE56200DA412D /* Release */,
			);
			defaultConfigurationIsVisible = 0;
			defaultConfigurationName = Release;
		};
		F6C5A3302E7DE56200DA412D /* Build configuration list for PBXNativeTarget "AceupUITests" */ = {
			isa = XCConfigurationList;
			buildConfigurations = (
				F6C5A3312E7DE56200DA412D /* Debug */,
				F6C5A3322E7DE56200DA412D /* Release */,
			);
			defaultConfigurationIsVisible = 0;
			defaultConfigurationName = Release;
		};
/* End XCConfigurationList section */
	};
	rootObject = F6C5A2F82E7DE55E00DA412D /* Project object */;
}
