// !$*UTF8*$!
{
	archiveVersion = 1;
	classes = {
	};
	objectVersion = 77;
	objects = {

/* Begin PBXBuildFile section */
		0F79E1752E8ECF6E00036297 /* FirebaseAnalytics in Frameworks */ = {isa = PBXBuildFile; productRef = 0F79E1742E8ECF6E00036297 /* FirebaseAnalytics */; };
		0F79E1772E8ECF6E00036297 /* FirebaseAuth in Frameworks */ = {isa = PBXBuildFile; productRef = 0F79E1762E8ECF6E00036297 /* FirebaseAuth */; };
		0F79E1792E8ECF6E00036297 /* FirebaseCore in Frameworks */ = {isa = PBXBuildFile; productRef = 0F79E1782E8ECF6E00036297 /* FirebaseCore */; };
		0F79E17B2E8ECF6E00036297 /* FirebaseFirestore in Frameworks */ = {isa = PBXBuildFile; productRef = 0F79E17A2E8ECF6E00036297 /* FirebaseFirestore */; };
/* End PBXBuildFile section */

/* Begin PBXContainerItemProxy section */
		0F270C342E7E123B0003B649 /* PBXContainerItemProxy */ = {
			isa = PBXContainerItemProxy;
			containerPortal = 0F270C1D2E7E123A0003B649 /* Project object */;
			proxyType = 1;
			remoteGlobalIDString = 0F270C242E7E123A0003B649;
			remoteInfo = "AceUP-Swift";
		};
		0F270C3E2E7E123B0003B649 /* PBXContainerItemProxy */ = {
			isa = PBXContainerItemProxy;
			containerPortal = 0F270C1D2E7E123A0003B649 /* Project object */;
			proxyType = 1;
			remoteGlobalIDString = 0F270C242E7E123A0003B649;
			remoteInfo = "AceUP-Swift";
		};
/* End PBXContainerItemProxy section */

/* Begin PBXFileReference section */
		0F270C252E7E123A0003B649 /* AceUP-Swift.app */ = {isa = PBXFileReference; explicitFileType = wrapper.application; includeInIndex = 0; path = "AceUP-Swift.app"; sourceTree = BUILT_PRODUCTS_DIR; };
		0F270C332E7E123B0003B649 /* AceUP-SwiftTests.xctest */ = {isa = PBXFileReference; explicitFileType = wrapper.cfbundle; includeInIndex = 0; path = "AceUP-SwiftTests.xctest"; sourceTree = BUILT_PRODUCTS_DIR; };
		0F270C3D2E7E123B0003B649 /* AceUP-SwiftUITests.xctest */ = {isa = PBXFileReference; explicitFileType = wrapper.cfbundle; includeInIndex = 0; path = "AceUP-SwiftUITests.xctest"; sourceTree = BUILT_PRODUCTS_DIR; };
/* End PBXFileReference section */

/* Begin PBXFileSystemSynchronizedRootGroup section */
		0F270C272E7E123A0003B649 /* AceUP-Swift */ = {
			isa = PBXFileSystemSynchronizedRootGroup;
			path = "AceUP-Swift";
			sourceTree = "<group>";
		};
		0F270C362E7E123B0003B649 /* AceUP-SwiftTests */ = {
			isa = PBXFileSystemSynchronizedRootGroup;
			path = "AceUP-SwiftTests";
			sourceTree = "<group>";
		};
		0F270C402E7E123B0003B649 /* AceUP-SwiftUITests */ = {
			isa = PBXFileSystemSynchronizedRootGroup;
			path = "AceUP-SwiftUITests";
			sourceTree = "<group>";
		};
/* End PBXFileSystemSynchronizedRootGroup section */

/* Begin PBXFrameworksBuildPhase section */
		0F270C222E7E123A0003B649 /* Frameworks */ = {
			isa = PBXFrameworksBuildPhase;
			buildActionMask = 2147483647;
			files = (
				0F79E1752E8ECF6E00036297 /* FirebaseAnalytics in Frameworks */,
				0F79E17B2E8ECF6E00036297 /* FirebaseFirestore in Frameworks */,
				0F79E1792E8ECF6E00036297 /* FirebaseCore in Frameworks */,
				0F79E1772E8ECF6E00036297 /* FirebaseAuth in Frameworks */,
			);
			runOnlyForDeploymentPostprocessing = 0;
		};
		0F270C302E7E123B0003B649 /* Frameworks */ = {
			isa = PBXFrameworksBuildPhase;
			buildActionMask = 2147483647;
			files = (
			);
			runOnlyForDeploymentPostprocessing = 0;
		};
		0F270C3A2E7E123B0003B649 /* Frameworks */ = {
			isa = PBXFrameworksBuildPhase;
			buildActionMask = 2147483647;
			files = (
			);
			runOnlyForDeploymentPostprocessing = 0;
		};
/* End PBXFrameworksBuildPhase section */

/* Begin PBXGroup section */
		0F270C1C2E7E123A0003B649 = {
			isa = PBXGroup;
			children = (
				0F270C272E7E123A0003B649 /* AceUP-Swift */,
				0F270C362E7E123B0003B649 /* AceUP-SwiftTests */,
				0F270C402E7E123B0003B649 /* AceUP-SwiftUITests */,
				0F270C262E7E123A0003B649 /* Products */,
			);
			sourceTree = "<group>";
		};
		0F270C262E7E123A0003B649 /* Products */ = {
			isa = PBXGroup;
			children = (
				0F270C252E7E123A0003B649 /* AceUP-Swift.app */,
				0F270C332E7E123B0003B649 /* AceUP-SwiftTests.xctest */,
				0F270C3D2E7E123B0003B649 /* AceUP-SwiftUITests.xctest */,
			);
			name = Products;
			sourceTree = "<group>";
		};
/* End PBXGroup section */

/* Begin PBXNativeTarget section */
		0F270C242E7E123A0003B649 /* AceUP-Swift */ = {
			isa = PBXNativeTarget;
			buildConfigurationList = 0F270C472E7E123B0003B649 /* Build configuration list for PBXNativeTarget "AceUP-Swift" */;
			buildPhases = (
				0F270C212E7E123A0003B649 /* Sources */,
				0F270C222E7E123A0003B649 /* Frameworks */,
				0F270C232E7E123A0003B649 /* Resources */,
			);
			buildRules = (
			);
			dependencies = (
			);
			fileSystemSynchronizedGroups = (
				0F270C272E7E123A0003B649 /* AceUP-Swift */,
			);
			name = "AceUP-Swift";
			packageProductDependencies = (
				0F79E1742E8ECF6E00036297 /* FirebaseAnalytics */,
				0F79E1762E8ECF6E00036297 /* FirebaseAuth */,
				0F79E1782E8ECF6E00036297 /* FirebaseCore */,
				0F79E17A2E8ECF6E00036297 /* FirebaseFirestore */,
			);
			productName = "AceUP-Swift";
			productReference = 0F270C252E7E123A0003B649 /* AceUP-Swift.app */;
			productType = "com.apple.product-type.application";
		};
		0F270C322E7E123B0003B649 /* AceUP-SwiftTests */ = {
			isa = PBXNativeTarget;
			buildConfigurationList = 0F270C4A2E7E123B0003B649 /* Build configuration list for PBXNativeTarget "AceUP-SwiftTests" */;
			buildPhases = (
				0F270C2F2E7E123B0003B649 /* Sources */,
				0F270C302E7E123B0003B649 /* Frameworks */,
				0F270C312E7E123B0003B649 /* Resources */,
			);
			buildRules = (
			);
			dependencies = (
				0F270C352E7E123B0003B649 /* PBXTargetDependency */,
			);
			fileSystemSynchronizedGroups = (
				0F270C362E7E123B0003B649 /* AceUP-SwiftTests */,
			);
			name = "AceUP-SwiftTests";
			packageProductDependencies = (
			);
			productName = "AceUP-SwiftTests";
			productReference = 0F270C332E7E123B0003B649 /* AceUP-SwiftTests.xctest */;
			productType = "com.apple.product-type.bundle.unit-test";
		};
		0F270C3C2E7E123B0003B649 /* AceUP-SwiftUITests */ = {
			isa = PBXNativeTarget;
			buildConfigurationList = 0F270C4D2E7E123B0003B649 /* Build configuration list for PBXNativeTarget "AceUP-SwiftUITests" */;
			buildPhases = (
				0F270C392E7E123B0003B649 /* Sources */,
				0F270C3A2E7E123B0003B649 /* Frameworks */,
				0F270C3B2E7E123B0003B649 /* Resources */,
			);
			buildRules = (
			);
			dependencies = (
				0F270C3F2E7E123B0003B649 /* PBXTargetDependency */,
			);
			fileSystemSynchronizedGroups = (
				0F270C402E7E123B0003B649 /* AceUP-SwiftUITests */,
			);
			name = "AceUP-SwiftUITests";
			packageProductDependencies = (
			);
			productName = "AceUP-SwiftUITests";
			productReference = 0F270C3D2E7E123B0003B649 /* AceUP-SwiftUITests.xctest */;
			productType = "com.apple.product-type.bundle.ui-testing";
		};
/* End PBXNativeTarget section */

/* Begin PBXProject section */
		0F270C1D2E7E123A0003B649 /* Project object */ = {
			isa = PBXProject;
			attributes = {
				BuildIndependentTargetsInParallel = 1;
				LastSwiftUpdateCheck = 1640;
				LastUpgradeCheck = 1640;
				TargetAttributes = {
					0F270C242E7E123A0003B649 = {
						CreatedOnToolsVersion = 16.4;
					};
					0F270C322E7E123B0003B649 = {
						CreatedOnToolsVersion = 16.4;
						TestTargetID = 0F270C242E7E123A0003B649;
					};
					0F270C3C2E7E123B0003B649 = {
						CreatedOnToolsVersion = 16.4;
						TestTargetID = 0F270C242E7E123A0003B649;
					};
				};
			};
			buildConfigurationList = 0F270C202E7E123A0003B649 /* Build configuration list for PBXProject "AceUP-Swift" */;
			developmentRegion = en;
			hasScannedForEncodings = 0;
			knownRegions = (
				en,
				Base,
			);
			mainGroup = 0F270C1C2E7E123A0003B649;
			minimizedProjectReferenceProxies = 1;
			packageReferences = (
				0F79E1682E8D967600036297 /* XCRemoteSwiftPackageReference "firebase-ios-sdk" */,
			);
			preferredProjectObjectVersion = 77;
			productRefGroup = 0F270C262E7E123A0003B649 /* Products */;
			projectDirPath = "";
			projectRoot = "";
			targets = (
				0F270C242E7E123A0003B649 /* AceUP-Swift */,
				0F270C322E7E123B0003B649 /* AceUP-SwiftTests */,
				0F270C3C2E7E123B0003B649 /* AceUP-SwiftUITests */,
			);
		};
/* End PBXProject section */

/* Begin PBXResourcesBuildPhase section */
		0F270C232E7E123A0003B649 /* Resources */ = {
			isa = PBXResourcesBuildPhase;
			buildActionMask = 2147483647;
			files = (
			);
			runOnlyForDeploymentPostprocessing = 0;
		};
		0F270C312E7E123B0003B649 /* Resources */ = {
			isa = PBXResourcesBuildPhase;
			buildActionMask = 2147483647;
			files = (
			);
			runOnlyForDeploymentPostprocessing = 0;
		};
		0F270C3B2E7E123B0003B649 /* Resources */ = {
			isa = PBXResourcesBuildPhase;
			buildActionMask = 2147483647;
			files = (
			);
			runOnlyForDeploymentPostprocessing = 0;
		};
/* End PBXResourcesBuildPhase section */

/* Begin PBXSourcesBuildPhase section */
		0F270C212E7E123A0003B649 /* Sources */ = {
			isa = PBXSourcesBuildPhase;
			buildActionMask = 2147483647;
			files = (
			);
			runOnlyForDeploymentPostprocessing = 0;
		};
		0F270C2F2E7E123B0003B649 /* Sources */ = {
			isa = PBXSourcesBuildPhase;
			buildActionMask = 2147483647;
			files = (
			);
			runOnlyForDeploymentPostprocessing = 0;
		};
		0F270C392E7E123B0003B649 /* Sources */ = {
			isa = PBXSourcesBuildPhase;
			buildActionMask = 2147483647;
			files = (
			);
			runOnlyForDeploymentPostprocessing = 0;
		};
/* End PBXSourcesBuildPhase section */

/* Begin PBXTargetDependency section */
		0F270C352E7E123B0003B649 /* PBXTargetDependency */ = {
			isa = PBXTargetDependency;
			target = 0F270C242E7E123A0003B649 /* AceUP-Swift */;
			targetProxy = 0F270C342E7E123B0003B649 /* PBXContainerItemProxy */;
		};
		0F270C3F2E7E123B0003B649 /* PBXTargetDependency */ = {
			isa = PBXTargetDependency;
			target = 0F270C242E7E123A0003B649 /* AceUP-Swift */;
			targetProxy = 0F270C3E2E7E123B0003B649 /* PBXContainerItemProxy */;
		};
/* End PBXTargetDependency section */

/* Begin XCBuildConfiguration section */
		0F270C452E7E123B0003B649 /* Debug */ = {
			isa = XCBuildConfiguration;
			buildSettings = {
				ALWAYS_SEARCH_USER_PATHS = NO;
				ASSETCATALOG_COMPILER_GENERATE_SWIFT_ASSET_SYMBOL_EXTENSIONS = YES;
				CLANG_ANALYZER_NONNULL = YES;
				CLANG_ANALYZER_NUMBER_OBJECT_CONVERSION = YES_AGGRESSIVE;
				CLANG_CXX_LANGUAGE_STANDARD = "gnu++20";
				CLANG_ENABLE_MODULES = YES;
				CLANG_ENABLE_OBJC_ARC = YES;
				CLANG_ENABLE_OBJC_WEAK = YES;
				CLANG_WARN_BLOCK_CAPTURE_AUTORELEASING = YES;
				CLANG_WARN_BOOL_CONVERSION = YES;
				CLANG_WARN_COMMA = YES;
				CLANG_WARN_CONSTANT_CONVERSION = YES;
				CLANG_WARN_DEPRECATED_OBJC_IMPLEMENTATIONS = YES;
				CLANG_WARN_DIRECT_OBJC_ISA_USAGE = YES_ERROR;
				CLANG_WARN_DOCUMENTATION_COMMENTS = YES;
				CLANG_WARN_EMPTY_BODY = YES;
				CLANG_WARN_ENUM_CONVERSION = YES;
				CLANG_WARN_INFINITE_RECURSION = YES;
				CLANG_WARN_INT_CONVERSION = YES;
				CLANG_WARN_NON_LITERAL_NULL_CONVERSION = YES;
				CLANG_WARN_OBJC_IMPLICIT_RETAIN_SELF = YES;
				CLANG_WARN_OBJC_LITERAL_CONVERSION = YES;
				CLANG_WARN_OBJC_ROOT_CLASS = YES_ERROR;
				CLANG_WARN_QUOTED_INCLUDE_IN_FRAMEWORK_HEADER = YES;
				CLANG_WARN_RANGE_LOOP_ANALYSIS = YES;
				CLANG_WARN_STRICT_PROTOTYPES = YES;
				CLANG_WARN_SUSPICIOUS_MOVE = YES;
				CLANG_WARN_UNGUARDED_AVAILABILITY = YES_AGGRESSIVE;
				CLANG_WARN_UNREACHABLE_CODE = YES;
				CLANG_WARN__DUPLICATE_METHOD_MATCH = YES;
				COPY_PHASE_STRIP = NO;
				DEBUG_INFORMATION_FORMAT = dwarf;
				DEVELOPMENT_TEAM = LGHC9ND2H8;
				ENABLE_STRICT_OBJC_MSGSEND = YES;
				ENABLE_TESTABILITY = YES;
				ENABLE_USER_SCRIPT_SANDBOXING = YES;
				GCC_C_LANGUAGE_STANDARD = gnu17;
				GCC_DYNAMIC_NO_PIC = NO;
				GCC_NO_COMMON_BLOCKS = YES;
				GCC_OPTIMIZATION_LEVEL = 0;
				GCC_PREPROCESSOR_DEFINITIONS = (
					"DEBUG=1",
					"$(inherited)",
				);
				GCC_WARN_64_TO_32_BIT_CONVERSION = YES;
				GCC_WARN_ABOUT_RETURN_TYPE = YES_ERROR;
				GCC_WARN_UNDECLARED_SELECTOR = YES;
				GCC_WARN_UNINITIALIZED_AUTOS = YES_AGGRESSIVE;
				GCC_WARN_UNUSED_FUNCTION = YES;
				GCC_WARN_UNUSED_VARIABLE = YES;
				LOCALIZATION_PREFERS_STRING_CATALOGS = YES;
				MTL_ENABLE_DEBUG_INFO = INCLUDE_SOURCE;
				MTL_FAST_MATH = YES;
				ONLY_ACTIVE_ARCH = YES;
				SWIFT_ACTIVE_COMPILATION_CONDITIONS = "DEBUG $(inherited)";
				SWIFT_OPTIMIZATION_LEVEL = "-Onone";
			};
			name = Debug;
		};
		0F270C462E7E123B0003B649 /* Release */ = {
			isa = XCBuildConfiguration;
			buildSettings = {
				ALWAYS_SEARCH_USER_PATHS = NO;
				ASSETCATALOG_COMPILER_GENERATE_SWIFT_ASSET_SYMBOL_EXTENSIONS = YES;
				CLANG_ANALYZER_NONNULL = YES;
				CLANG_ANALYZER_NUMBER_OBJECT_CONVERSION = YES_AGGRESSIVE;
				CLANG_CXX_LANGUAGE_STANDARD = "gnu++20";
				CLANG_ENABLE_MODULES = YES;
				CLANG_ENABLE_OBJC_ARC = YES;
				CLANG_ENABLE_OBJC_WEAK = YES;
				CLANG_WARN_BLOCK_CAPTURE_AUTORELEASING = YES;
				CLANG_WARN_BOOL_CONVERSION = YES;
				CLANG_WARN_COMMA = YES;
				CLANG_WARN_CONSTANT_CONVERSION = YES;
				CLANG_WARN_DEPRECATED_OBJC_IMPLEMENTATIONS = YES;
				CLANG_WARN_DIRECT_OBJC_ISA_USAGE = YES_ERROR;
				CLANG_WARN_DOCUMENTATION_COMMENTS = YES;
				CLANG_WARN_EMPTY_BODY = YES;
				CLANG_WARN_ENUM_CONVERSION = YES;
				CLANG_WARN_INFINITE_RECURSION = YES;
				CLANG_WARN_INT_CONVERSION = YES;
				CLANG_WARN_NON_LITERAL_NULL_CONVERSION = YES;
				CLANG_WARN_OBJC_IMPLICIT_RETAIN_SELF = YES;
				CLANG_WARN_OBJC_LITERAL_CONVERSION = YES;
				CLANG_WARN_OBJC_ROOT_CLASS = YES_ERROR;
				CLANG_WARN_QUOTED_INCLUDE_IN_FRAMEWORK_HEADER = YES;
				CLANG_WARN_RANGE_LOOP_ANALYSIS = YES;
				CLANG_WARN_STRICT_PROTOTYPES = YES;
				CLANG_WARN_SUSPICIOUS_MOVE = YES;
				CLANG_WARN_UNGUARDED_AVAILABILITY = YES_AGGRESSIVE;
				CLANG_WARN_UNREACHABLE_CODE = YES;
				CLANG_WARN__DUPLICATE_METHOD_MATCH = YES;
				COPY_PHASE_STRIP = NO;
				DEBUG_INFORMATION_FORMAT = "dwarf-with-dsym";
				DEVELOPMENT_TEAM = LGHC9ND2H8;
				ENABLE_NS_ASSERTIONS = NO;
				ENABLE_STRICT_OBJC_MSGSEND = YES;
				ENABLE_USER_SCRIPT_SANDBOXING = YES;
				GCC_C_LANGUAGE_STANDARD = gnu17;
				GCC_NO_COMMON_BLOCKS = YES;
				GCC_WARN_64_TO_32_BIT_CONVERSION = YES;
				GCC_WARN_ABOUT_RETURN_TYPE = YES_ERROR;
				GCC_WARN_UNDECLARED_SELECTOR = YES;
				GCC_WARN_UNINITIALIZED_AUTOS = YES_AGGRESSIVE;
				GCC_WARN_UNUSED_FUNCTION = YES;
				GCC_WARN_UNUSED_VARIABLE = YES;
				LOCALIZATION_PREFERS_STRING_CATALOGS = YES;
				MTL_ENABLE_DEBUG_INFO = NO;
				MTL_FAST_MATH = YES;
				SWIFT_COMPILATION_MODE = wholemodule;
			};
			name = Release;
		};
		0F270C482E7E123B0003B649 /* Debug */ = {
			isa = XCBuildConfiguration;
			buildSettings = {
				ASSETCATALOG_COMPILER_APPICON_NAME = AppIcon;
				ASSETCATALOG_COMPILER_GLOBAL_ACCENT_COLOR_NAME = AccentColor;
				CODE_SIGN_ENTITLEMENTS = "AceUP-Swift/AceUP_Swift.entitlements";
				CODE_SIGN_STYLE = Automatic;
				CURRENT_PROJECT_VERSION = 1;
				DEVELOPMENT_TEAM = LGHC9ND2H8;
				ENABLE_HARDENED_RUNTIME = YES;
				ENABLE_PREVIEWS = YES;
				GENERATE_INFOPLIST_FILE = YES;
				INFOPLIST_KEY_CFBundleURLTypes = "{\n    CFBundleURLName = \"AceUP Group Invitation\";\n    CFBundleURLSchemes =     (\n        aceup\n    );\n}";
				INFOPLIST_KEY_NSCameraUsageDescription = "AceUP needs camera access to scan QR codes for joining groups";
				INFOPLIST_KEY_NSFaceIDUsageDescription = "AceUp needs Face ID fotr authentication ";
				"INFOPLIST_KEY_UIApplicationSceneManifest_Generation[sdk=iphoneos*]" = YES;
				"INFOPLIST_KEY_UIApplicationSceneManifest_Generation[sdk=iphonesimulator*]" = YES;
				"INFOPLIST_KEY_UIApplicationSupportsIndirectInputEvents[sdk=iphoneos*]" = YES;
				"INFOPLIST_KEY_UIApplicationSupportsIndirectInputEvents[sdk=iphonesimulator*]" = YES;
				"INFOPLIST_KEY_UILaunchScreen_Generation[sdk=iphoneos*]" = YES;
				"INFOPLIST_KEY_UILaunchScreen_Generation[sdk=iphonesimulator*]" = YES;
				"INFOPLIST_KEY_UIStatusBarStyle[sdk=iphoneos*]" = UIStatusBarStyleDefault;
				"INFOPLIST_KEY_UIStatusBarStyle[sdk=iphonesimulator*]" = UIStatusBarStyleDefault;
				INFOPLIST_KEY_UISupportedInterfaceOrientations_iPad = "UIInterfaceOrientationPortrait UIInterfaceOrientationPortraitUpsideDown UIInterfaceOrientationLandscapeLeft UIInterfaceOrientationLandscapeRight";
				INFOPLIST_KEY_UISupportedInterfaceOrientations_iPhone = "UIInterfaceOrientationPortrait UIInterfaceOrientationLandscapeLeft UIInterfaceOrientationLandscapeRight";
				IPHONEOS_DEPLOYMENT_TARGET = 18.5;
				LD_RUNPATH_SEARCH_PATHS = "@executable_path/Frameworks";
				"LD_RUNPATH_SEARCH_PATHS[sdk=macosx*]" = "@executable_path/../Frameworks";
				MACOSX_DEPLOYMENT_TARGET = 15.5;
				MARKETING_VERSION = 1.0;
				PRODUCT_BUNDLE_IDENTIFIER = "prueba.AceUP-Swift";
				PRODUCT_NAME = "$(TARGET_NAME)";
				REGISTER_APP_GROUPS = YES;
				SDKROOT = auto;
				SUPPORTED_PLATFORMS = "iphoneos iphonesimulator";
				SUPPORTS_MACCATALYST = NO;
				SWIFT_EMIT_LOC_STRINGS = YES;
				SWIFT_VERSION = 5.0;
				TARGETED_DEVICE_FAMILY = 1;
				XROS_DEPLOYMENT_TARGET = 2.5;
			};
			name = Debug;
		};
		0F270C492E7E123B0003B649 /* Release */ = {
			isa = XCBuildConfiguration;
			buildSettings = {
				ASSETCATALOG_COMPILER_APPICON_NAME = AppIcon;
				ASSETCATALOG_COMPILER_GLOBAL_ACCENT_COLOR_NAME = AccentColor;
				CODE_SIGN_ENTITLEMENTS = "AceUP-Swift/AceUP_Swift.entitlements";
				CODE_SIGN_STYLE = Automatic;
				CURRENT_PROJECT_VERSION = 1;
				DEVELOPMENT_TEAM = LGHC9ND2H8;
				ENABLE_HARDENED_RUNTIME = YES;
				ENABLE_PREVIEWS = YES;
				GENERATE_INFOPLIST_FILE = YES;
				INFOPLIST_KEY_CFBundleURLTypes = "{\n    CFBundleURLName = \"AceUP Group Invitation\";\n    CFBundleURLSchemes =     (\n        aceup\n    );\n}";
				INFOPLIST_KEY_NSCameraUsageDescription = "AceUP needs camera access to scan QR codes for joining groups";
				INFOPLIST_KEY_NSFaceIDUsageDescription = "AceUp needs Face ID fotr authentication ";
				"INFOPLIST_KEY_UIApplicationSceneManifest_Generation[sdk=iphoneos*]" = YES;
				"INFOPLIST_KEY_UIApplicationSceneManifest_Generation[sdk=iphonesimulator*]" = YES;
				"INFOPLIST_KEY_UIApplicationSupportsIndirectInputEvents[sdk=iphoneos*]" = YES;
				"INFOPLIST_KEY_UIApplicationSupportsIndirectInputEvents[sdk=iphonesimulator*]" = YES;
				"INFOPLIST_KEY_UILaunchScreen_Generation[sdk=iphoneos*]" = YES;
				"INFOPLIST_KEY_UILaunchScreen_Generation[sdk=iphonesimulator*]" = YES;
				"INFOPLIST_KEY_UIStatusBarStyle[sdk=iphoneos*]" = UIStatusBarStyleDefault;
				"INFOPLIST_KEY_UIStatusBarStyle[sdk=iphonesimulator*]" = UIStatusBarStyleDefault;
				INFOPLIST_KEY_UISupportedInterfaceOrientations_iPad = "UIInterfaceOrientationPortrait UIInterfaceOrientationPortraitUpsideDown UIInterfaceOrientationLandscapeLeft UIInterfaceOrientationLandscapeRight";
				INFOPLIST_KEY_UISupportedInterfaceOrientations_iPhone = "UIInterfaceOrientationPortrait UIInterfaceOrientationLandscapeLeft UIInterfaceOrientationLandscapeRight";
				IPHONEOS_DEPLOYMENT_TARGET = 18.5;
				LD_RUNPATH_SEARCH_PATHS = "@executable_path/Frameworks";
				"LD_RUNPATH_SEARCH_PATHS[sdk=macosx*]" = "@executable_path/../Frameworks";
				MACOSX_DEPLOYMENT_TARGET = 15.5;
				MARKETING_VERSION = 1.0;
				PRODUCT_BUNDLE_IDENTIFIER = "prueba.AceUP-Swift";
				PRODUCT_NAME = "$(TARGET_NAME)";
				REGISTER_APP_GROUPS = YES;
				SDKROOT = auto;
				SUPPORTED_PLATFORMS = "iphoneos iphonesimulator";
				SUPPORTS_MACCATALYST = NO;
				SWIFT_EMIT_LOC_STRINGS = YES;
				SWIFT_VERSION = 5.0;
				TARGETED_DEVICE_FAMILY = 1;
				XROS_DEPLOYMENT_TARGET = 2.5;
			};
			name = Release;
		};
		0F270C4B2E7E123B0003B649 /* Debug */ = {
			isa = XCBuildConfiguration;
			buildSettings = {
				BUNDLE_LOADER = "$(TEST_HOST)";
				CODE_SIGN_STYLE = Automatic;
				CURRENT_PROJECT_VERSION = 1;
				DEVELOPMENT_TEAM = LGHC9ND2H8;
				GENERATE_INFOPLIST_FILE = YES;
				IPHONEOS_DEPLOYMENT_TARGET = 18.5;
				MACOSX_DEPLOYMENT_TARGET = 15.5;
				MARKETING_VERSION = 1.0;
				PRODUCT_BUNDLE_IDENTIFIER = "prueba.AceUP-SwiftTests";
				PRODUCT_NAME = "$(TARGET_NAME)";
				SDKROOT = auto;
				SUPPORTED_PLATFORMS = "iphoneos iphonesimulator macosx xros xrsimulator";
				SWIFT_EMIT_LOC_STRINGS = NO;
				SWIFT_VERSION = 5.0;
				TARGETED_DEVICE_FAMILY = "1,2,7";
				TEST_HOST = "$(BUILT_PRODUCTS_DIR)/AceUP-Swift.app/$(BUNDLE_EXECUTABLE_FOLDER_PATH)/AceUP-Swift";
				XROS_DEPLOYMENT_TARGET = 2.5;
			};
			name = Debug;
		};
		0F270C4C2E7E123B0003B649 /* Release */ = {
			isa = XCBuildConfiguration;
			buildSettings = {
				BUNDLE_LOADER = "$(TEST_HOST)";
				CODE_SIGN_STYLE = Automatic;
				CURRENT_PROJECT_VERSION = 1;
				DEVELOPMENT_TEAM = LGHC9ND2H8;
				GENERATE_INFOPLIST_FILE = YES;
				IPHONEOS_DEPLOYMENT_TARGET = 18.5;
				MACOSX_DEPLOYMENT_TARGET = 15.5;
				MARKETING_VERSION = 1.0;
				PRODUCT_BUNDLE_IDENTIFIER = "prueba.AceUP-SwiftTests";
				PRODUCT_NAME = "$(TARGET_NAME)";
				SDKROOT = auto;
				SUPPORTED_PLATFORMS = "iphoneos iphonesimulator macosx xros xrsimulator";
				SWIFT_EMIT_LOC_STRINGS = NO;
				SWIFT_VERSION = 5.0;
				TARGETED_DEVICE_FAMILY = "1,2,7";
				TEST_HOST = "$(BUILT_PRODUCTS_DIR)/AceUP-Swift.app/$(BUNDLE_EXECUTABLE_FOLDER_PATH)/AceUP-Swift";
				XROS_DEPLOYMENT_TARGET = 2.5;
			};
			name = Release;
		};
		0F270C4E2E7E123B0003B649 /* Debug */ = {
			isa = XCBuildConfiguration;
			buildSettings = {
				CODE_SIGN_STYLE = Automatic;
				CURRENT_PROJECT_VERSION = 1;
				DEVELOPMENT_TEAM = LGHC9ND2H8;
				GENERATE_INFOPLIST_FILE = YES;
				IPHONEOS_DEPLOYMENT_TARGET = 18.5;
				MACOSX_DEPLOYMENT_TARGET = 15.5;
				MARKETING_VERSION = 1.0;
				PRODUCT_BUNDLE_IDENTIFIER = "prueba.AceUP-SwiftUITests";
				PRODUCT_NAME = "$(TARGET_NAME)";
				SDKROOT = auto;
				SUPPORTED_PLATFORMS = "iphoneos iphonesimulator macosx xros xrsimulator";
				SWIFT_EMIT_LOC_STRINGS = NO;
				SWIFT_VERSION = 5.0;
				TARGETED_DEVICE_FAMILY = "1,2,7";
				TEST_TARGET_NAME = "AceUP-Swift";
				XROS_DEPLOYMENT_TARGET = 2.5;
			};
			name = Debug;
		};
		0F270C4F2E7E123B0003B649 /* Release */ = {
			isa = XCBuildConfiguration;
			buildSettings = {
				CODE_SIGN_STYLE = Automatic;
				CURRENT_PROJECT_VERSION = 1;
				DEVELOPMENT_TEAM = LGHC9ND2H8;
				GENERATE_INFOPLIST_FILE = YES;
				IPHONEOS_DEPLOYMENT_TARGET = 18.5;
				MACOSX_DEPLOYMENT_TARGET = 15.5;
				MARKETING_VERSION = 1.0;
				PRODUCT_BUNDLE_IDENTIFIER = "prueba.AceUP-SwiftUITests";
				PRODUCT_NAME = "$(TARGET_NAME)";
				SDKROOT = auto;
				SUPPORTED_PLATFORMS = "iphoneos iphonesimulator macosx xros xrsimulator";
				SWIFT_EMIT_LOC_STRINGS = NO;
				SWIFT_VERSION = 5.0;
				TARGETED_DEVICE_FAMILY = "1,2,7";
				TEST_TARGET_NAME = "AceUP-Swift";
				XROS_DEPLOYMENT_TARGET = 2.5;
			};
			name = Release;
		};
/* End XCBuildConfiguration section */

/* Begin XCConfigurationList section */
		0F270C202E7E123A0003B649 /* Build configuration list for PBXProject "AceUP-Swift" */ = {
			isa = XCConfigurationList;
			buildConfigurations = (
				0F270C452E7E123B0003B649 /* Debug */,
				0F270C462E7E123B0003B649 /* Release */,
			);
			defaultConfigurationIsVisible = 0;
			defaultConfigurationName = Release;
		};
		0F270C472E7E123B0003B649 /* Build configuration list for PBXNativeTarget "AceUP-Swift" */ = {
			isa = XCConfigurationList;
			buildConfigurations = (
				0F270C482E7E123B0003B649 /* Debug */,
				0F270C492E7E123B0003B649 /* Release */,
			);
			defaultConfigurationIsVisible = 0;
			defaultConfigurationName = Release;
		};
		0F270C4A2E7E123B0003B649 /* Build configuration list for PBXNativeTarget "AceUP-SwiftTests" */ = {
			isa = XCConfigurationList;
			buildConfigurations = (
				0F270C4B2E7E123B0003B649 /* Debug */,
				0F270C4C2E7E123B0003B649 /* Release */,
			);
			defaultConfigurationIsVisible = 0;
			defaultConfigurationName = Release;
		};
		0F270C4D2E7E123B0003B649 /* Build configuration list for PBXNativeTarget "AceUP-SwiftUITests" */ = {
			isa = XCConfigurationList;
			buildConfigurations = (
				0F270C4E2E7E123B0003B649 /* Debug */,
				0F270C4F2E7E123B0003B649 /* Release */,
			);
			defaultConfigurationIsVisible = 0;
			defaultConfigurationName = Release;
		};
/* End XCConfigurationList section */

/* Begin XCRemoteSwiftPackageReference section */
		0F79E1682E8D967600036297 /* XCRemoteSwiftPackageReference "firebase-ios-sdk" */ = {
			isa = XCRemoteSwiftPackageReference;
			repositoryURL = "https://github.com/firebase/firebase-ios-sdk";
			requirement = {
				kind = upToNextMajorVersion;
				minimumVersion = 12.3.0;
			};
		};
/* End XCRemoteSwiftPackageReference section */

/* Begin XCSwiftPackageProductDependency section */
		0F79E1742E8ECF6E00036297 /* FirebaseAnalytics */ = {
			isa = XCSwiftPackageProductDependency;
			package = 0F79E1682E8D967600036297 /* XCRemoteSwiftPackageReference "firebase-ios-sdk" */;
			productName = FirebaseAnalytics;
		};
		0F79E1762E8ECF6E00036297 /* FirebaseAuth */ = {
			isa = XCSwiftPackageProductDependency;
			package = 0F79E1682E8D967600036297 /* XCRemoteSwiftPackageReference "firebase-ios-sdk" */;
			productName = FirebaseAuth;
		};
		0F79E1782E8ECF6E00036297 /* FirebaseCore */ = {
			isa = XCSwiftPackageProductDependency;
			package = 0F79E1682E8D967600036297 /* XCRemoteSwiftPackageReference "firebase-ios-sdk" */;
			productName = FirebaseCore;
		};
		0F79E17A2E8ECF6E00036297 /* FirebaseFirestore */ = {
			isa = XCSwiftPackageProductDependency;
			package = 0F79E1682E8D967600036297 /* XCRemoteSwiftPackageReference "firebase-ios-sdk" */;
			productName = FirebaseFirestore;
		};
/* End XCSwiftPackageProductDependency section */
	};
	rootObject = 0F270C1D2E7E123A0003B649 /* Project object */;
}
